
Microsoft Visual Studio Solution File, Format Version 12.00
# Visual Studio Version 17
VisualStudioVersion = 17.9.34701.34
MinimumVisualStudioVersion = 10.0.40219.1
Project("{FAE04EC0-301F-11D3-BF4B-00C04F79EFBC}") = "MovieLibrary", "MovieLibrary\MovieLibrary.csproj", "{97C18370-A69D-498C-AE15-B46E07574EA6}"
EndProject
Global
	GlobalSection(SolutionConfigurationPlatforms) = preSolution
		Debug|Any CPU = Debug|Any CPU
		Release|Any CPU = Release|Any CPU
	EndGlobalSection
	GlobalSection(ProjectConfigurationPlatforms) = postSolution
		{97C18370-A69D-498C-AE15-B46E07574EA6}.Debug|Any CPU.ActiveCfg = Debug|Any CPU
		{97C18370-A69D-498C-AE15-B46E07574EA6}.Debug|Any CPU.Build.0 = Debug|Any CPU
		{97C18370-A69D-498C-AE15-B46E07574EA6}.Release|Any CPU.ActiveCfg = Release|Any CPU
		{97C18370-A69D-498C-AE15-B46E07574EA6}.Release|Any CPU.Build.0 = Release|Any CPU
	EndGlobalSection
	GlobalSection(SolutionProperties) = preSolution
		HideSolutionNode = FALSE
	EndGlobalSection
	GlobalSection(ExtensibilityGlobals) = postSolution
		SolutionGuid = {1115CBE3-A880-4191-8151-18F1B2C5D756}
	EndGlobalSection
EndGlobal
