
Microsoft Visual Studio Solution File, Format Version 12.00
# Visual Studio Version 17
VisualStudioVersion = 17.5.002.0
MinimumVisualStudioVersion = 10.0.40219.1
Project("{9A19103F-16F7-4668-BE54-9A1E7A4F7556}") = "MovieLibrary", "MovieLibrary.csproj", "{FFA69526-C7EE-4BBF-B5CB-1D0A1F9CB2D3}"
EndProject
Global
	GlobalSection(SolutionConfigurationPlatforms) = preSolution
		Debug|Any CPU = Debug|Any CPU
		Release|Any CPU = Release|Any CPU
	EndGlobalSection
	GlobalSection(ProjectConfigurationPlatforms) = postSolution
		{FFA69526-C7EE-4BBF-B5CB-1D0A1F9CB2D3}.Debug|Any CPU.ActiveCfg = Debug|Any CPU
		{FFA69526-C7EE-4BBF-B5CB-1D0A1F9CB2D3}.Debug|Any CPU.Build.0 = Debug|Any CPU
		{FFA69526-C7EE-4BBF-B5CB-1D0A1F9CB2D3}.Release|Any CPU.ActiveCfg = Release|Any CPU
		{FFA69526-C7EE-4BBF-B5CB-1D0A1F9CB2D3}.Release|Any CPU.Build.0 = Release|Any CPU
	EndGlobalSection
	GlobalSection(SolutionProperties) = preSolution
		HideSolutionNode = FALSE
	EndGlobalSection
	GlobalSection(ExtensibilityGlobals) = postSolution
		SolutionGuid = {A468D34C-FBE4-44C0-B766-C64B54591044}
	EndGlobalSection
EndGlobal
